
Microsoft Visual Studio Solution File, Format Version 12.00
# Visual Studio Version 16
VisualStudioVersion = 16.0.29418.71
MinimumVisualStudioVersion = 10.0.40219.1
Project("{2150E333-8FDC-42A3-9474-1A3956D46DE8}") = "Solution Items", "Solution Items", "{0BA25C7A-1A7A-43DA-BF47-202B54C75C9B}"
	ProjectSection(SolutionItems) = preProject
		.gitignore = .gitignore
		azure-pipeline.yml = azure-pipeline.yml
		CodeGeneration.Roslyn.ruleset = CodeGeneration.Roslyn.ruleset
		CodeGeneration.Roslyn.Tests.ruleset = CodeGeneration.Roslyn.Tests.ruleset
		Directory.Build.props = Directory.Build.props
		global.json = global.json
		LICENSE.txt = LICENSE.txt
		nuget.config = nuget.config
		README.md = README.md
		stylecop.json = stylecop.json
	EndProjectSection
EndProject
Project("{9A19103F-16F7-4668-BE54-9A1E7A4F7556}") = "CodeGeneration.Chorus.Tool", "src\CodeGeneration.Chorus.Tool\CodeGeneration.Chorus.Tool.csproj", "{23424A10-0ED4-4906-9CF7-6D34E3F871E2}"
EndProject
Project("{9A19103F-16F7-4668-BE54-9A1E7A4F7556}") = "CodeGeneration.Chorus", "src\CodeGeneration.Chorus\CodeGeneration.Chorus.csproj", "{ECBEC578-89B3-4C34-99EF-8B2D639C1EF8}"
EndProject
Project("{9A19103F-16F7-4668-BE54-9A1E7A4F7556}") = "CodeGeneration.Chorus.Tests", "src\CodeGeneration.Chorus.Tests\CodeGeneration.Chorus.Tests.csproj", "{7EA2AA66-1B7F-4E23-933D-C100908342B2}"
EndProject
Project("{9A19103F-16F7-4668-BE54-9A1E7A4F7556}") = "CodeGeneration.Chorus.Attributes", "src\CodeGeneration.Chorus.Attributes\CodeGeneration.Chorus.Attributes.csproj", "{84B76B3B-141C-4850-891F-6C260F063E10}"
EndProject
Project("{9A19103F-16F7-4668-BE54-9A1E7A4F7556}") = "CodeGeneration.Chorus.BuildTime", "src\CodeGeneration.Chorus.BuildTime\CodeGeneration.Chorus.BuildTime.csproj", "{E651C31F-7EC0-44B1-863A-B81271A2D324}"
EndProject
Global
	GlobalSection(SharedMSBuildProjectFiles) = preSolution
		src\submodules\roslyn\src\Compilers\Core\AnalyzerDriver\AnalyzerDriver.projitems*{7ea2aa66-1b7f-4e23-933d-c100908342b2}*SharedItemsImports = 5
		src\submodules\roslyn\src\Compilers\CSharp\CSharpAnalyzerDriver\CSharpAnalyzerDriver.projitems*{7ea2aa66-1b7f-4e23-933d-c100908342b2}*SharedItemsImports = 5
		src\submodules\roslyn\src\Dependencies\PooledObjects\Microsoft.CodeAnalysis.PooledObjects.projitems*{7ea2aa66-1b7f-4e23-933d-c100908342b2}*SharedItemsImports = 5
		src\submodules\roslyn\src\Compilers\Core\AnalyzerDriver\AnalyzerDriver.projitems*{ecbec578-89b3-4c34-99ef-8b2d639c1ef8}*SharedItemsImports = 5
		src\submodules\roslyn\src\Compilers\CSharp\CSharpAnalyzerDriver\CSharpAnalyzerDriver.projitems*{ecbec578-89b3-4c34-99ef-8b2d639c1ef8}*SharedItemsImports = 5
		src\submodules\roslyn\src\Dependencies\CodeAnalysis.Debugging\Microsoft.CodeAnalysis.Debugging.projitems*{ecbec578-89b3-4c34-99ef-8b2d639c1ef8}*SharedItemsImports = 5
		src\submodules\roslyn\src\Dependencies\PooledObjects\Microsoft.CodeAnalysis.PooledObjects.projitems*{ecbec578-89b3-4c34-99ef-8b2d639c1ef8}*SharedItemsImports = 5
	EndGlobalSection
	GlobalSection(SolutionConfigurationPlatforms) = preSolution
		Debug|Any CPU = Debug|Any CPU
		Release|Any CPU = Release|Any CPU
	EndGlobalSection
	GlobalSection(ProjectConfigurationPlatforms) = postSolution
		{23424A10-0ED4-4906-9CF7-6D34E3F871E2}.Debug|Any CPU.ActiveCfg = Debug|Any CPU
		{23424A10-0ED4-4906-9CF7-6D34E3F871E2}.Debug|Any CPU.Build.0 = Debug|Any CPU
		{23424A10-0ED4-4906-9CF7-6D34E3F871E2}.Release|Any CPU.ActiveCfg = Release|Any CPU
		{23424A10-0ED4-4906-9CF7-6D34E3F871E2}.Release|Any CPU.Build.0 = Release|Any CPU
		{ECBEC578-89B3-4C34-99EF-8B2D639C1EF8}.Debug|Any CPU.ActiveCfg = Debug|Any CPU
		{ECBEC578-89B3-4C34-99EF-8B2D639C1EF8}.Debug|Any CPU.Build.0 = Debug|Any CPU
		{ECBEC578-89B3-4C34-99EF-8B2D639C1EF8}.Release|Any CPU.ActiveCfg = Release|Any CPU
		{ECBEC578-89B3-4C34-99EF-8B2D639C1EF8}.Release|Any CPU.Build.0 = Release|Any CPU
		{7EA2AA66-1B7F-4E23-933D-C100908342B2}.Debug|Any CPU.ActiveCfg = Debug|Any CPU
		{7EA2AA66-1B7F-4E23-933D-C100908342B2}.Debug|Any CPU.Build.0 = Debug|Any CPU
		{7EA2AA66-1B7F-4E23-933D-C100908342B2}.Release|Any CPU.ActiveCfg = Release|Any CPU
		{7EA2AA66-1B7F-4E23-933D-C100908342B2}.Release|Any CPU.Build.0 = Release|Any CPU
		{84B76B3B-141C-4850-891F-6C260F063E10}.Debug|Any CPU.ActiveCfg = Debug|Any CPU
		{84B76B3B-141C-4850-891F-6C260F063E10}.Debug|Any CPU.Build.0 = Debug|Any CPU
		{84B76B3B-141C-4850-891F-6C260F063E10}.Release|Any CPU.ActiveCfg = Release|Any CPU
		{84B76B3B-141C-4850-891F-6C260F063E10}.Release|Any CPU.Build.0 = Release|Any CPU
		{E651C31F-7EC0-44B1-863A-B81271A2D324}.Debug|Any CPU.ActiveCfg = Debug|Any CPU
		{E651C31F-7EC0-44B1-863A-B81271A2D324}.Debug|Any CPU.Build.0 = Debug|Any CPU
		{E651C31F-7EC0-44B1-863A-B81271A2D324}.Release|Any CPU.ActiveCfg = Release|Any CPU
		{E651C31F-7EC0-44B1-863A-B81271A2D324}.Release|Any CPU.Build.0 = Release|Any CPU
	EndGlobalSection
	GlobalSection(SolutionProperties) = preSolution
		HideSolutionNode = FALSE
	EndGlobalSection
	GlobalSection(ExtensibilityGlobals) = postSolution
		SolutionGuid = {AAEF835F-986B-44E1-A61A-0DB1D6434E79}
	EndGlobalSection
EndGlobal
