
Microsoft Visual Studio Solution File, Format Version 12.00
# Visual Studio Version 16
VisualStudioVersion = 16.0.29418.71
MinimumVisualStudioVersion = 10.0.40219.1
Project("{2150E333-8FDC-42A3-9474-1A3956D46DE8}") = "Solution Items", "Solution Items", "{0BA25C7A-1A7A-43DA-BF47-202B54C75C9B}"
	ProjectSection(SolutionItems) = preProject
		..\.gitignore = ..\.gitignore
		..\azure-pipeline.yml = ..\azure-pipeline.yml
		CodeGeneration.Roslyn.ruleset = CodeGeneration.Roslyn.ruleset
		CodeGeneration.Roslyn.Tests.ruleset = CodeGeneration.Roslyn.Tests.ruleset
		Directory.Build.props = Directory.Build.props
		global.json = global.json
		..\LICENSE.txt = ..\LICENSE.txt
		nuget.config = nuget.config
		..\README.md = ..\README.md
		stylecop.json = stylecop.json
		version.json = version.json
	EndProjectSection
EndProject
Project("{9A19103F-16F7-4668-BE54-9A1E7A4F7556}") = "CodeGeneration.Roslyn.Attributes", "CodeGeneration.Roslyn.Attributes\CodeGeneration.Roslyn.Attributes.csproj", "{0E3F218E-0B47-4925-8FDB-8A8BC4C01DCD}"
EndProject
Project("{9A19103F-16F7-4668-BE54-9A1E7A4F7556}") = "CodeGeneration.Roslyn", "CodeGeneration.Roslyn\CodeGeneration.Roslyn.csproj", "{09465031-08F8-4632-9C26-AC561B6E3538}"
EndProject
Project("{9A19103F-16F7-4668-BE54-9A1E7A4F7556}") = "CodeGeneration.Roslyn.BuildTime", "CodeGeneration.Roslyn.BuildTime\CodeGeneration.Roslyn.BuildTime.csproj", "{D5240C82-6F90-48F8-9192-DA53EE1B0355}"
EndProject
Project("{9A19103F-16F7-4668-BE54-9A1E7A4F7556}") = "CodeGeneration.Roslyn.Tests", "CodeGeneration.Roslyn.Tests\CodeGeneration.Roslyn.Tests.csproj", "{D8E7323F-6721-42A5-BADA-496A63DB0A88}"
EndProject
Project("{9A19103F-16F7-4668-BE54-9A1E7A4F7556}") = "CodeGeneration.Roslyn.Tests.Generators", "CodeGeneration.Roslyn.Tests.Generators\CodeGeneration.Roslyn.Tests.Generators.csproj", "{8B57E557-EF79-47E4-9396-135850304990}"
EndProject
Project("{9A19103F-16F7-4668-BE54-9A1E7A4F7556}") = "CodeGeneration.Roslyn.Tests.RunBuild", "CodeGeneration.Roslyn.Tests.RunBuild\CodeGeneration.Roslyn.Tests.RunBuild.csproj", "{3162A2B3-5FEF-454C-AB50-A103883CC2F4}"
EndProject
Project("{9A19103F-16F7-4668-BE54-9A1E7A4F7556}") = "CodeGeneration.Roslyn.Tool", "CodeGeneration.Roslyn.Tool\CodeGeneration.Roslyn.Tool.csproj", "{23424A10-0ED4-4906-9CF7-6D34E3F871E2}"
EndProject
Project("{9A19103F-16F7-4668-BE54-9A1E7A4F7556}") = "CodeGeneration.Roslyn.Tests.Generators.Dependency", "CodeGeneration.Roslyn.Tests.Generators.Dependency\CodeGeneration.Roslyn.Tests.Generators.Dependency.csproj", "{3F88FB1C-AAAE-4D3E-B816-220CDF096E1A}"
EndProject
Project("{9A19103F-16F7-4668-BE54-9A1E7A4F7556}") = "CodeGeneration.Roslyn.Engine", "CodeGeneration.Roslyn.Engine\CodeGeneration.Roslyn.Engine.csproj", "{AF80F00E-6367-4D8D-937D-BF61ED9E7205}"
EndProject
Project("{2150E333-8FDC-42A3-9474-1A3956D46DE8}") = "lib", "lib", "{654F1532-27EE-4854-B0EC-45F9075FF968}"
EndProject
Project("{2150E333-8FDC-42A3-9474-1A3956D46DE8}") = "tests", "tests", "{D753E49D-90A8-40AF-918F-21BCDB296D1D}"
EndProject
Project("{2150E333-8FDC-42A3-9474-1A3956D46DE8}") = "chorus", "chorus", "{3B16AA1C-73CF-480C-84A8-377938BB6EA3}"
EndProject
Project("{9A19103F-16F7-4668-BE54-9A1E7A4F7556}") = "CodeGeneration.Chorus", "CodeGeneration.Chorus\CodeGeneration.Chorus.csproj", "{ECBEC578-89B3-4C34-99EF-8B2D639C1EF8}"
EndProject
Project("{2150E333-8FDC-42A3-9474-1A3956D46DE8}") = "roslyn", "roslyn", "{0C0EE067-BD2C-4544-B2DC-A1A9E5A828A7}"
EndProject
Project("{9A19103F-16F7-4668-BE54-9A1E7A4F7556}") = "Microsoft.CodeAnalysis.CSharp", "submodules\roslyn\src\Compilers\CSharp\Portable\Microsoft.CodeAnalysis.CSharp.csproj", "{3DB88DAA-C07C-4ED3-A492-F306C276B1AD}"
EndProject
Project("{9A19103F-16F7-4668-BE54-9A1E7A4F7556}") = "Microsoft.CodeAnalysis", "submodules\roslyn\src\Compilers\Core\Portable\Microsoft.CodeAnalysis.csproj", "{9EC5D595-A622-429C-B1C8-D307E4F58E96}"
EndProject
Project("{D954291E-2A0B-460D-934E-DC6B0785DB48}") = "Microsoft.CodeAnalysis.Debugging", "submodules\roslyn\src\Dependencies\CodeAnalysis.Debugging\Microsoft.CodeAnalysis.Debugging.shproj", "{D73ADF7D-2C1C-42AE-B2AB-EDC9497E4B71}"
EndProject
Project("{D954291E-2A0B-460D-934E-DC6B0785DB48}") = "AnalyzerDriver", "submodules\roslyn\src\Compilers\Core\AnalyzerDriver\AnalyzerDriver.shproj", "{D0BC9BE7-24F6-40CA-8DC6-FCB93BD44B34}"
EndProject
Project("{D954291E-2A0B-460D-934E-DC6B0785DB48}") = "Microsoft.CodeAnalysis.PooledObjects", "submodules\roslyn\src\Dependencies\PooledObjects\Microsoft.CodeAnalysis.PooledObjects.shproj", "{C1930979-C824-496B-A630-70F5369A636F}"
EndProject
Project("{D954291E-2A0B-460D-934E-DC6B0785DB48}") = "CSharpAnalyzerDriver", "submodules\roslyn\src\Compilers\CSharp\CSharpAnalyzerDriver\CSharpAnalyzerDriver.shproj", "{54E08BF5-F819-404F-A18D-0AB9EA81EA04}"
EndProject
Project("{9A19103F-16F7-4668-BE54-9A1E7A4F7556}") = "Microsoft.CodeAnalysis.Workspaces", "submodules\roslyn\src\Workspaces\Core\Portable\Microsoft.CodeAnalysis.Workspaces.csproj", "{FB045F12-8FDC-4CAD-B816-9DBD421A5CF6}"
EndProject
Project("{D954291E-2A0B-460D-934E-DC6B0785DB48}") = "ResultProvider", "submodules\roslyn\src\ExpressionEvaluator\Core\Source\ResultProvider\ResultProvider.shproj", "{BB3CA047-5D00-48D4-B7D3-233C1265C065}"
EndProject
Project("{D954291E-2A0B-460D-934E-DC6B0785DB48}") = "CSharpResultProvider", "submodules\roslyn\src\ExpressionEvaluator\CSharp\Source\ResultProvider\CSharpResultProvider.shproj", "{3140FE61-0856-4367-9AA3-8081B9A80E36}"
EndProject
Project("{9A19103F-16F7-4668-BE54-9A1E7A4F7556}") = "Microsoft.CodeAnalysis.CSharp.Workspaces", "submodules\roslyn\src\Workspaces\CSharp\Portable\Microsoft.CodeAnalysis.CSharp.Workspaces.csproj", "{CF12A370-C8D8-4161-AF94-0DF49950D4E1}"
EndProject
Global
	GlobalSection(SharedMSBuildProjectFiles) = preSolution
		submodules\roslyn\src\ExpressionEvaluator\CSharp\Source\ResultProvider\CSharpResultProvider.projitems*{3140fe61-0856-4367-9aa3-8081b9a80e36}*SharedItemsImports = 13
		submodules\roslyn\src\Compilers\CSharp\CSharpAnalyzerDriver\CSharpAnalyzerDriver.projitems*{54e08bf5-f819-404f-a18d-0ab9ea81ea04}*SharedItemsImports = 13
		submodules\roslyn\src\ExpressionEvaluator\Core\Source\ResultProvider\ResultProvider.projitems*{bb3ca047-5d00-48d4-b7d3-233c1265c065}*SharedItemsImports = 13
		submodules\roslyn\src\Dependencies\PooledObjects\Microsoft.CodeAnalysis.PooledObjects.projitems*{c1930979-c824-496b-a630-70f5369a636f}*SharedItemsImports = 13
		submodules\roslyn\src\Compilers\Core\AnalyzerDriver\AnalyzerDriver.projitems*{d0bc9be7-24f6-40ca-8dc6-fcb93bd44b34}*SharedItemsImports = 13
		submodules\roslyn\src\Dependencies\CodeAnalysis.Debugging\Microsoft.CodeAnalysis.Debugging.projitems*{d73adf7d-2c1c-42ae-b2ab-edc9497e4b71}*SharedItemsImports = 13
	EndGlobalSection
	GlobalSection(SolutionConfigurationPlatforms) = preSolution
		Debug|Any CPU = Debug|Any CPU
		Release|Any CPU = Release|Any CPU
	EndGlobalSection
	GlobalSection(ProjectConfigurationPlatforms) = postSolution
		{0E3F218E-0B47-4925-8FDB-8A8BC4C01DCD}.Debug|Any CPU.ActiveCfg = Debug|Any CPU
		{0E3F218E-0B47-4925-8FDB-8A8BC4C01DCD}.Debug|Any CPU.Build.0 = Debug|Any CPU
		{0E3F218E-0B47-4925-8FDB-8A8BC4C01DCD}.Release|Any CPU.ActiveCfg = Release|Any CPU
		{0E3F218E-0B47-4925-8FDB-8A8BC4C01DCD}.Release|Any CPU.Build.0 = Release|Any CPU
		{09465031-08F8-4632-9C26-AC561B6E3538}.Debug|Any CPU.ActiveCfg = Debug|Any CPU
		{09465031-08F8-4632-9C26-AC561B6E3538}.Debug|Any CPU.Build.0 = Debug|Any CPU
		{09465031-08F8-4632-9C26-AC561B6E3538}.Release|Any CPU.ActiveCfg = Release|Any CPU
		{09465031-08F8-4632-9C26-AC561B6E3538}.Release|Any CPU.Build.0 = Release|Any CPU
		{D5240C82-6F90-48F8-9192-DA53EE1B0355}.Debug|Any CPU.ActiveCfg = Debug|Any CPU
		{D5240C82-6F90-48F8-9192-DA53EE1B0355}.Debug|Any CPU.Build.0 = Debug|Any CPU
		{D5240C82-6F90-48F8-9192-DA53EE1B0355}.Release|Any CPU.ActiveCfg = Release|Any CPU
		{D5240C82-6F90-48F8-9192-DA53EE1B0355}.Release|Any CPU.Build.0 = Release|Any CPU
		{D8E7323F-6721-42A5-BADA-496A63DB0A88}.Debug|Any CPU.ActiveCfg = Debug|Any CPU
		{D8E7323F-6721-42A5-BADA-496A63DB0A88}.Debug|Any CPU.Build.0 = Debug|Any CPU
		{D8E7323F-6721-42A5-BADA-496A63DB0A88}.Release|Any CPU.ActiveCfg = Release|Any CPU
		{D8E7323F-6721-42A5-BADA-496A63DB0A88}.Release|Any CPU.Build.0 = Release|Any CPU
		{8B57E557-EF79-47E4-9396-135850304990}.Debug|Any CPU.ActiveCfg = Debug|Any CPU
		{8B57E557-EF79-47E4-9396-135850304990}.Debug|Any CPU.Build.0 = Debug|Any CPU
		{8B57E557-EF79-47E4-9396-135850304990}.Release|Any CPU.ActiveCfg = Release|Any CPU
		{8B57E557-EF79-47E4-9396-135850304990}.Release|Any CPU.Build.0 = Release|Any CPU
		{3162A2B3-5FEF-454C-AB50-A103883CC2F4}.Debug|Any CPU.ActiveCfg = Debug|Any CPU
		{3162A2B3-5FEF-454C-AB50-A103883CC2F4}.Debug|Any CPU.Build.0 = Debug|Any CPU
		{3162A2B3-5FEF-454C-AB50-A103883CC2F4}.Release|Any CPU.ActiveCfg = Release|Any CPU
		{3162A2B3-5FEF-454C-AB50-A103883CC2F4}.Release|Any CPU.Build.0 = Release|Any CPU
		{23424A10-0ED4-4906-9CF7-6D34E3F871E2}.Debug|Any CPU.ActiveCfg = Debug|Any CPU
		{23424A10-0ED4-4906-9CF7-6D34E3F871E2}.Debug|Any CPU.Build.0 = Debug|Any CPU
		{23424A10-0ED4-4906-9CF7-6D34E3F871E2}.Release|Any CPU.ActiveCfg = Release|Any CPU
		{23424A10-0ED4-4906-9CF7-6D34E3F871E2}.Release|Any CPU.Build.0 = Release|Any CPU
		{3F88FB1C-AAAE-4D3E-B816-220CDF096E1A}.Debug|Any CPU.ActiveCfg = Debug|Any CPU
		{3F88FB1C-AAAE-4D3E-B816-220CDF096E1A}.Debug|Any CPU.Build.0 = Debug|Any CPU
		{3F88FB1C-AAAE-4D3E-B816-220CDF096E1A}.Release|Any CPU.ActiveCfg = Release|Any CPU
		{3F88FB1C-AAAE-4D3E-B816-220CDF096E1A}.Release|Any CPU.Build.0 = Release|Any CPU
		{AF80F00E-6367-4D8D-937D-BF61ED9E7205}.Debug|Any CPU.ActiveCfg = Debug|Any CPU
		{AF80F00E-6367-4D8D-937D-BF61ED9E7205}.Debug|Any CPU.Build.0 = Debug|Any CPU
		{AF80F00E-6367-4D8D-937D-BF61ED9E7205}.Release|Any CPU.ActiveCfg = Release|Any CPU
		{AF80F00E-6367-4D8D-937D-BF61ED9E7205}.Release|Any CPU.Build.0 = Release|Any CPU
		{ECBEC578-89B3-4C34-99EF-8B2D639C1EF8}.Debug|Any CPU.ActiveCfg = Debug|Any CPU
		{ECBEC578-89B3-4C34-99EF-8B2D639C1EF8}.Debug|Any CPU.Build.0 = Debug|Any CPU
		{ECBEC578-89B3-4C34-99EF-8B2D639C1EF8}.Release|Any CPU.ActiveCfg = Release|Any CPU
		{ECBEC578-89B3-4C34-99EF-8B2D639C1EF8}.Release|Any CPU.Build.0 = Release|Any CPU
		{3DB88DAA-C07C-4ED3-A492-F306C276B1AD}.Debug|Any CPU.ActiveCfg = Debug|Any CPU
		{3DB88DAA-C07C-4ED3-A492-F306C276B1AD}.Debug|Any CPU.Build.0 = Debug|Any CPU
		{3DB88DAA-C07C-4ED3-A492-F306C276B1AD}.Release|Any CPU.ActiveCfg = Release|Any CPU
		{3DB88DAA-C07C-4ED3-A492-F306C276B1AD}.Release|Any CPU.Build.0 = Release|Any CPU
		{9EC5D595-A622-429C-B1C8-D307E4F58E96}.Debug|Any CPU.ActiveCfg = Debug|Any CPU
		{9EC5D595-A622-429C-B1C8-D307E4F58E96}.Debug|Any CPU.Build.0 = Debug|Any CPU
		{9EC5D595-A622-429C-B1C8-D307E4F58E96}.Release|Any CPU.ActiveCfg = Release|Any CPU
		{9EC5D595-A622-429C-B1C8-D307E4F58E96}.Release|Any CPU.Build.0 = Release|Any CPU
		{FB045F12-8FDC-4CAD-B816-9DBD421A5CF6}.Debug|Any CPU.ActiveCfg = Debug|Any CPU
		{FB045F12-8FDC-4CAD-B816-9DBD421A5CF6}.Debug|Any CPU.Build.0 = Debug|Any CPU
		{FB045F12-8FDC-4CAD-B816-9DBD421A5CF6}.Release|Any CPU.ActiveCfg = Release|Any CPU
		{FB045F12-8FDC-4CAD-B816-9DBD421A5CF6}.Release|Any CPU.Build.0 = Release|Any CPU
		{CF12A370-C8D8-4161-AF94-0DF49950D4E1}.Debug|Any CPU.ActiveCfg = Debug|Any CPU
		{CF12A370-C8D8-4161-AF94-0DF49950D4E1}.Debug|Any CPU.Build.0 = Debug|Any CPU
		{CF12A370-C8D8-4161-AF94-0DF49950D4E1}.Release|Any CPU.ActiveCfg = Release|Any CPU
		{CF12A370-C8D8-4161-AF94-0DF49950D4E1}.Release|Any CPU.Build.0 = Release|Any CPU
	EndGlobalSection
	GlobalSection(SolutionProperties) = preSolution
		HideSolutionNode = FALSE
	EndGlobalSection
	GlobalSection(NestedProjects) = preSolution
		{0E3F218E-0B47-4925-8FDB-8A8BC4C01DCD} = {654F1532-27EE-4854-B0EC-45F9075FF968}
		{09465031-08F8-4632-9C26-AC561B6E3538} = {654F1532-27EE-4854-B0EC-45F9075FF968}
		{D5240C82-6F90-48F8-9192-DA53EE1B0355} = {654F1532-27EE-4854-B0EC-45F9075FF968}
		{D8E7323F-6721-42A5-BADA-496A63DB0A88} = {D753E49D-90A8-40AF-918F-21BCDB296D1D}
		{8B57E557-EF79-47E4-9396-135850304990} = {D753E49D-90A8-40AF-918F-21BCDB296D1D}
		{3162A2B3-5FEF-454C-AB50-A103883CC2F4} = {D753E49D-90A8-40AF-918F-21BCDB296D1D}
		{3F88FB1C-AAAE-4D3E-B816-220CDF096E1A} = {D753E49D-90A8-40AF-918F-21BCDB296D1D}
		{AF80F00E-6367-4D8D-937D-BF61ED9E7205} = {654F1532-27EE-4854-B0EC-45F9075FF968}
		{ECBEC578-89B3-4C34-99EF-8B2D639C1EF8} = {3B16AA1C-73CF-480C-84A8-377938BB6EA3}
		{3DB88DAA-C07C-4ED3-A492-F306C276B1AD} = {0C0EE067-BD2C-4544-B2DC-A1A9E5A828A7}
		{9EC5D595-A622-429C-B1C8-D307E4F58E96} = {0C0EE067-BD2C-4544-B2DC-A1A9E5A828A7}
		{D73ADF7D-2C1C-42AE-B2AB-EDC9497E4B71} = {0C0EE067-BD2C-4544-B2DC-A1A9E5A828A7}
		{D0BC9BE7-24F6-40CA-8DC6-FCB93BD44B34} = {0C0EE067-BD2C-4544-B2DC-A1A9E5A828A7}
		{C1930979-C824-496B-A630-70F5369A636F} = {0C0EE067-BD2C-4544-B2DC-A1A9E5A828A7}
		{54E08BF5-F819-404F-A18D-0AB9EA81EA04} = {0C0EE067-BD2C-4544-B2DC-A1A9E5A828A7}
		{FB045F12-8FDC-4CAD-B816-9DBD421A5CF6} = {0C0EE067-BD2C-4544-B2DC-A1A9E5A828A7}
		{BB3CA047-5D00-48D4-B7D3-233C1265C065} = {0C0EE067-BD2C-4544-B2DC-A1A9E5A828A7}
		{3140FE61-0856-4367-9AA3-8081B9A80E36} = {0C0EE067-BD2C-4544-B2DC-A1A9E5A828A7}
		{CF12A370-C8D8-4161-AF94-0DF49950D4E1} = {0C0EE067-BD2C-4544-B2DC-A1A9E5A828A7}
	EndGlobalSection
	GlobalSection(ExtensibilityGlobals) = postSolution
		SolutionGuid = {4F15606A-A60D-4F68-828C-56A6D217B04C}
	EndGlobalSection
EndGlobal
